{
    "version": 3,
    "terraform_version": "0.11.7",
    "serial": 13,
    "lineage": "e856d139-2879-d406-eac7-ebe16d310fee",
    "modules": [
        {
            "path": [
                "root"
            ],
            "outputs": {
                "Bucket Name": {
                    "sensitive": false,
                    "type": "string",
                    "value": "la-terraform-17854"
                },
                "key_main": {
                    "sensitive": false,
                    "type": "string",
                    "value": "/var/root/.ssh/id_rsa.pub"
                },
                "public_instance_ids": {
                    "sensitive": false,
                    "type": "string",
                    "value": "i-03432415673ce1331, i-0683c4bc2e5f9e2c1"
                },
                "public_instance_ips": {
                    "sensitive": false,
                    "type": "string",
                    "value": "34.229.48.250, 34.235.150.94"
                },
                "public_sg": {
                    "sensitive": false,
                    "type": "string",
                    "value": "sg-01f5c28ebed919b05"
                },
                "public_subnets": {
                    "sensitive": false,
                    "type": "string",
                    "value": "subnet-08bb63efeab22702c, subnet-08785e37a97ea99fd"
                },
                "subnet_ips": {
                    "sensitive": false,
                    "type": "string",
                    "value": "10.123.1.0/24, 10.123.2.0/24"
                }
            },
            "resources": {},
            "depends_on": []
        },
        {
            "path": [
                "root",
                "compute"
            ],
            "outputs": {
                "key": {
                    "sensitive": false,
                    "type": "string",
                    "value": "/var/root/.ssh/id_rsa.pub"
                },
                "server_id": {
                    "sensitive": false,
                    "type": "string",
                    "value": "i-03432415673ce1331, i-0683c4bc2e5f9e2c1"
                },
                "server_ip": {
                    "sensitive": false,
                    "type": "string",
                    "value": "34.229.48.250, 34.235.150.94"
                }
            },
            "resources": {
                "aws_instance.tf_server.0": {
                    "type": "aws_instance",
                    "depends_on": [
                        "aws_key_pair.tf_auth",
                        "data.aws_ami.server_ami",
                        "data.template_file.user-init.*"
                    ],
                    "primary": {
                        "id": "i-03432415673ce1331",
                        "attributes": {
                            "ami": "ami-cfe4b2b0",
                            "associate_public_ip_address": "true",
                            "availability_zone": "us-east-1a",
                            "credit_specification.#": "1",
                            "credit_specification.0.cpu_credits": "standard",
                            "disable_api_termination": "false",
                            "ebs_block_device.#": "0",
                            "ebs_optimized": "false",
                            "ephemeral_block_device.#": "0",
                            "get_password_data": "false",
                            "iam_instance_profile": "",
                            "id": "i-03432415673ce1331",
                            "instance_state": "running",
                            "instance_type": "t2.micro",
                            "ipv6_addresses.#": "0",
                            "key_name": "tf_key",
                            "monitoring": "false",
                            "network_interface.#": "0",
                            "network_interface_id": "eni-0c32cb6ee00f42f5c",
                            "password_data": "",
                            "placement_group": "",
                            "primary_network_interface_id": "eni-0c32cb6ee00f42f5c",
                            "private_dns": "ip-10-123-1-219.ec2.internal",
                            "private_ip": "10.123.1.219",
                            "public_dns": "ec2-34-229-48-250.compute-1.amazonaws.com",
                            "public_ip": "34.229.48.250",
                            "root_block_device.#": "1",
                            "root_block_device.0.delete_on_termination": "true",
                            "root_block_device.0.iops": "100",
                            "root_block_device.0.volume_id": "vol-0c7301d8f6c7cc523",
                            "root_block_device.0.volume_size": "8",
                            "root_block_device.0.volume_type": "gp2",
                            "security_groups.#": "0",
                            "source_dest_check": "true",
                            "subnet_id": "subnet-08bb63efeab22702c",
                            "tags.%": "1",
                            "tags.Name": "tf_server-1",
                            "tenancy": "default",
                            "user_data": "0cda8ba4d587e8c9934bb856b93b1188a2dc153b",
                            "volume_tags.%": "0",
                            "vpc_security_group_ids.#": "1",
                            "vpc_security_group_ids.1112057445": "sg-01f5c28ebed919b05"
                        },
                        "meta": {
                            "e2bfb730-ecaa-11e6-8f88-34363bc7c4c0": {
                                "create": 600000000000,
                                "delete": 1200000000000,
                                "update": 600000000000
                            },
                            "schema_version": "1"
                        },
                        "tainted": false
                    },
                    "deposed": [],
                    "provider": "provider.aws"
                },
                "aws_instance.tf_server.1": {
                    "type": "aws_instance",
                    "depends_on": [
                        "aws_key_pair.tf_auth",
                        "data.aws_ami.server_ami",
                        "data.template_file.user-init.*"
                    ],
                    "primary": {
                        "id": "i-0683c4bc2e5f9e2c1",
                        "attributes": {
                            "ami": "ami-cfe4b2b0",
                            "associate_public_ip_address": "true",
                            "availability_zone": "us-east-1b",
                            "credit_specification.#": "1",
                            "credit_specification.0.cpu_credits": "standard",
                            "disable_api_termination": "false",
                            "ebs_block_device.#": "0",
                            "ebs_optimized": "false",
                            "ephemeral_block_device.#": "0",
                            "get_password_data": "false",
                            "iam_instance_profile": "",
                            "id": "i-0683c4bc2e5f9e2c1",
                            "instance_state": "running",
                            "instance_type": "t2.micro",
                            "ipv6_addresses.#": "0",
                            "key_name": "tf_key",
                            "monitoring": "false",
                            "network_interface.#": "0",
                            "network_interface_id": "eni-09cf13bd5a96daa2c",
                            "password_data": "",
                            "placement_group": "",
                            "primary_network_interface_id": "eni-09cf13bd5a96daa2c",
                            "private_dns": "ip-10-123-2-136.ec2.internal",
                            "private_ip": "10.123.2.136",
                            "public_dns": "ec2-34-235-150-94.compute-1.amazonaws.com",
                            "public_ip": "34.235.150.94",
                            "root_block_device.#": "1",
                            "root_block_device.0.delete_on_termination": "true",
                            "root_block_device.0.iops": "100",
                            "root_block_device.0.volume_id": "vol-0ec4dd8754eeb9808",
                            "root_block_device.0.volume_size": "8",
                            "root_block_device.0.volume_type": "gp2",
                            "security_groups.#": "0",
                            "source_dest_check": "true",
                            "subnet_id": "subnet-08785e37a97ea99fd",
                            "tags.%": "1",
                            "tags.Name": "tf_server-2",
                            "tenancy": "default",
                            "user_data": "416896c02a07286502c3a418f285c78920392e8d",
                            "volume_tags.%": "0",
                            "vpc_security_group_ids.#": "1",
                            "vpc_security_group_ids.1112057445": "sg-01f5c28ebed919b05"
                        },
                        "meta": {
                            "e2bfb730-ecaa-11e6-8f88-34363bc7c4c0": {
                                "create": 600000000000,
                                "delete": 1200000000000,
                                "update": 600000000000
                            },
                            "schema_version": "1"
                        },
                        "tainted": false
                    },
                    "deposed": [],
                    "provider": "provider.aws"
                },
                "aws_key_pair.tf_auth": {
                    "type": "aws_key_pair",
                    "depends_on": [],
                    "primary": {
                        "id": "tf_key",
                        "attributes": {
                            "id": "tf_key",
                            "key_name": "tf_key",
                            "public_key": "ssh-rsa AAAAB3NzaC1yc2EAAAADAQABAAABAQC8/RXjno2j+j/LQ+3//bcZUVSoopxueaXH6jfTycOJ7dyfQHCYyxWpd8GWFErBzRxe0HET8mVSW3vpZX3k9upeMK2EpvpcNmkTpun/tK1I5mC6TVZGSzBzHGtgzu9JpIAk82B+7n3YrKJxHS0cdIHbg/DBf1XkQVZp7gV9ZqkJexmIibkgbIXB1BbmzZL0nSX7Nlan0jHvZSWoYp8LfxaXUoCRyou3tcuwM+w4QEtlKPVrkYSPAW7Iys8LLMJMjF7NM8mWHy3j1K8SV4gsIpHTI+29UixPYPDhh6dTzMOMMEbtTykcYZ84UUnOQ/PDbSvKpdg7k1g9aXBEPFfP8IzP root@Ramanuja.local"
                        },
                        "meta": {
                            "schema_version": "1"
                        },
                        "tainted": false
                    },
                    "deposed": [],
                    "provider": "provider.aws"
                },
                "data.aws_ami.server_ami": {
                    "type": "aws_ami",
                    "depends_on": [],
                    "primary": {
                        "id": "ami-cfe4b2b0",
                        "attributes": {
                            "architecture": "x86_64",
                            "block_device_mappings.#": "1",
                            "block_device_mappings.340275815.device_name": "/dev/xvda",
                            "block_device_mappings.340275815.ebs.%": "6",
                            "block_device_mappings.340275815.ebs.delete_on_termination": "true",
                            "block_device_mappings.340275815.ebs.encrypted": "false",
                            "block_device_mappings.340275815.ebs.iops": "0",
                            "block_device_mappings.340275815.ebs.snapshot_id": "snap-07ad5635357af8b3e",
                            "block_device_mappings.340275815.ebs.volume_size": "8",
                            "block_device_mappings.340275815.ebs.volume_type": "gp2",
                            "block_device_mappings.340275815.no_device": "",
                            "block_device_mappings.340275815.virtual_name": "",
                            "creation_date": "2018-06-22T22:26:53.000Z",
                            "description": "Amazon Linux AMI 2018.03.0.20180622 x86_64 HVM GP2",
                            "filter.#": "2",
                            "filter.2898439165.name": "name",
                            "filter.2898439165.values.#": "1",
                            "filter.2898439165.values.0": "amzn-ami-hvm*-x86_64-gp2",
                            "filter.574890044.name": "owner-alias",
                            "filter.574890044.values.#": "1",
                            "filter.574890044.values.0": "amazon",
                            "hypervisor": "xen",
                            "id": "ami-cfe4b2b0",
                            "image_id": "ami-cfe4b2b0",
                            "image_location": "amazon/amzn-ami-hvm-2018.03.0.20180622-x86_64-gp2",
                            "image_owner_alias": "amazon",
                            "image_type": "machine",
                            "most_recent": "true",
                            "name": "amzn-ami-hvm-2018.03.0.20180622-x86_64-gp2",
                            "owner_id": "137112412989",
                            "product_codes.#": "0",
                            "public": "true",
                            "root_device_name": "/dev/xvda",
                            "root_device_type": "ebs",
                            "root_snapshot_id": "snap-07ad5635357af8b3e",
                            "sriov_net_support": "simple",
                            "state": "available",
                            "state_reason.%": "2",
                            "state_reason.code": "UNSET",
                            "state_reason.message": "UNSET",
                            "tags.%": "0",
                            "virtualization_type": "hvm"
                        },
                        "meta": {},
                        "tainted": false
                    },
                    "deposed": [],
                    "provider": "provider.aws"
                },
                "data.template_file.user-init.0": {
                    "type": "template_file",
                    "depends_on": [],
                    "primary": {
                        "id": "971410b91a8e8bdd6eb12f324b32b053085ddb46e3f49447d05a81db02dcc780",
                        "attributes": {
                            "id": "971410b91a8e8bdd6eb12f324b32b053085ddb46e3f49447d05a81db02dcc780",
                            "rendered": "#!/bin/bash\nyum install http -y\necho \"subnet for firewall:10.123.1.0/24\" \u003e\u003e /var/www/html/index.html\nservice httpd start\nchkconfig httpd on",
                            "template": "#!/bin/bash\nyum install http -y\necho \"subnet for firewall:${firewall_subnets}\" \u003e\u003e /var/www/html/index.html\nservice httpd start\nchkconfig httpd on",
                            "vars.%": "1",
                            "vars.firewall_subnets": "10.123.1.0/24"
                        },
                        "meta": {},
                        "tainted": false
                    },
                    "deposed": [],
                    "provider": "provider.template"
                },
                "data.template_file.user-init.1": {
                    "type": "template_file",
                    "depends_on": [],
                    "primary": {
                        "id": "c40ae232187a2ed78bb3716599e065e4883f50701ea9bb242fa4cc4a96456642",
                        "attributes": {
                            "id": "c40ae232187a2ed78bb3716599e065e4883f50701ea9bb242fa4cc4a96456642",
                            "rendered": "#!/bin/bash\nyum install http -y\necho \"subnet for firewall:10.123.2.0/24\" \u003e\u003e /var/www/html/index.html\nservice httpd start\nchkconfig httpd on",
                            "template": "#!/bin/bash\nyum install http -y\necho \"subnet for firewall:${firewall_subnets}\" \u003e\u003e /var/www/html/index.html\nservice httpd start\nchkconfig httpd on",
                            "vars.%": "1",
                            "vars.firewall_subnets": "10.123.2.0/24"
                        },
                        "meta": {},
                        "tainted": false
                    },
                    "deposed": [],
                    "provider": "provider.template"
                }
            },
            "depends_on": []
        },
        {
            "path": [
                "root",
                "networking"
            ],
            "outputs": {
                "public_sg": {
                    "sensitive": false,
                    "type": "string",
                    "value": "sg-01f5c28ebed919b05"
                },
                "public_subnets": {
                    "sensitive": false,
                    "type": "list",
                    "value": [
                        "subnet-08bb63efeab22702c",
                        "subnet-08785e37a97ea99fd"
                    ]
                },
                "subnet_ips": {
                    "sensitive": false,
                    "type": "list",
                    "value": [
                        "10.123.1.0/24",
                        "10.123.2.0/24"
                    ]
                },
                "tf_public": {
                    "sensitive": false,
                    "type": "string",
                    "value": "igw-0c608860eb56d8fe8"
                }
            },
            "resources": {
                "aws_internet_gateway.tf_internet_gateway": {
                    "type": "aws_internet_gateway",
                    "depends_on": [
                        "aws_vpc.tf_vpc"
                    ],
                    "primary": {
                        "id": "igw-0c608860eb56d8fe8",
                        "attributes": {
                            "id": "igw-0c608860eb56d8fe8",
                            "tags.%": "1",
                            "tags.Name": "tf_igw",
                            "vpc_id": "vpc-02b3e30a69ab8b919"
                        },
                        "meta": {},
                        "tainted": false
                    },
                    "deposed": [],
                    "provider": "provider.aws"
                },
                "aws_route_table.tf_public_rt": {
                    "type": "aws_route_table",
                    "depends_on": [
                        "aws_internet_gateway.tf_internet_gateway",
                        "aws_vpc.tf_vpc"
                    ],
                    "primary": {
                        "id": "rtb-032ee17d74e763916",
                        "attributes": {
                            "id": "rtb-032ee17d74e763916",
                            "propagating_vgws.#": "0",
                            "route.#": "1",
                            "route.275123769.cidr_block": "0.0.0.0/0",
                            "route.275123769.egress_only_gateway_id": "",
                            "route.275123769.gateway_id": "igw-0c608860eb56d8fe8",
                            "route.275123769.instance_id": "",
                            "route.275123769.ipv6_cidr_block": "",
                            "route.275123769.nat_gateway_id": "",
                            "route.275123769.network_interface_id": "",
                            "route.275123769.vpc_peering_connection_id": "",
                            "tags.%": "1",
                            "tags.Name": "tf_public",
                            "vpc_id": "vpc-02b3e30a69ab8b919"
                        },
                        "meta": {},
                        "tainted": false
                    },
                    "deposed": [],
                    "provider": "provider.aws"
                },
                "aws_route_table_association.tf_public_assoc.0": {
                    "type": "aws_route_table_association",
                    "depends_on": [
                        "aws_route_table.tf_public_rt",
                        "aws_subnet.tf_public_subnet",
                        "aws_subnet.tf_public_subnet.*"
                    ],
                    "primary": {
                        "id": "rtbassoc-0aff90ddb210032be",
                        "attributes": {
                            "id": "rtbassoc-0aff90ddb210032be",
                            "route_table_id": "rtb-032ee17d74e763916",
                            "subnet_id": "subnet-08bb63efeab22702c"
                        },
                        "meta": {},
                        "tainted": false
                    },
                    "deposed": [],
                    "provider": "provider.aws"
                },
                "aws_route_table_association.tf_public_assoc.1": {
                    "type": "aws_route_table_association",
                    "depends_on": [
                        "aws_route_table.tf_public_rt",
                        "aws_subnet.tf_public_subnet",
                        "aws_subnet.tf_public_subnet.*"
                    ],
                    "primary": {
                        "id": "rtbassoc-091164e1cb36cd4be",
                        "attributes": {
                            "id": "rtbassoc-091164e1cb36cd4be",
                            "route_table_id": "rtb-032ee17d74e763916",
                            "subnet_id": "subnet-08785e37a97ea99fd"
                        },
                        "meta": {},
                        "tainted": false
                    },
                    "deposed": [],
                    "provider": "provider.aws"
                },
                "aws_security_group.tf_public_sg": {
                    "type": "aws_security_group",
                    "depends_on": [
                        "aws_vpc.tf_vpc"
                    ],
                    "primary": {
                        "id": "sg-01f5c28ebed919b05",
                        "attributes": {
                            "arn": "arn:aws:ec2:us-east-1:851374951504:security-group/sg-01f5c28ebed919b05",
                            "description": "Used for access to the public instances",
                            "egress.#": "1",
                            "egress.482069346.cidr_blocks.#": "1",
                            "egress.482069346.cidr_blocks.0": "0.0.0.0/0",
                            "egress.482069346.description": "",
                            "egress.482069346.from_port": "0",
                            "egress.482069346.ipv6_cidr_blocks.#": "0",
                            "egress.482069346.prefix_list_ids.#": "0",
                            "egress.482069346.protocol": "-1",
                            "egress.482069346.security_groups.#": "0",
                            "egress.482069346.self": "false",
                            "egress.482069346.to_port": "0",
                            "id": "sg-01f5c28ebed919b05",
                            "ingress.#": "2",
                            "ingress.2214680975.cidr_blocks.#": "1",
                            "ingress.2214680975.cidr_blocks.0": "0.0.0.0/0",
                            "ingress.2214680975.description": "",
                            "ingress.2214680975.from_port": "80",
                            "ingress.2214680975.ipv6_cidr_blocks.#": "0",
                            "ingress.2214680975.protocol": "tcp",
                            "ingress.2214680975.security_groups.#": "0",
                            "ingress.2214680975.self": "false",
                            "ingress.2214680975.to_port": "80",
                            "ingress.2541437006.cidr_blocks.#": "1",
                            "ingress.2541437006.cidr_blocks.0": "0.0.0.0/0",
                            "ingress.2541437006.description": "",
                            "ingress.2541437006.from_port": "22",
                            "ingress.2541437006.ipv6_cidr_blocks.#": "0",
                            "ingress.2541437006.protocol": "tcp",
                            "ingress.2541437006.security_groups.#": "0",
                            "ingress.2541437006.self": "false",
                            "ingress.2541437006.to_port": "22",
                            "name": "tf_public_sg",
                            "owner_id": "851374951504",
                            "revoke_rules_on_delete": "false",
                            "tags.%": "0",
                            "vpc_id": "vpc-02b3e30a69ab8b919"
                        },
                        "meta": {
                            "e2bfb730-ecaa-11e6-8f88-34363bc7c4c0": {
                                "create": 600000000000,
                                "delete": 600000000000
                            },
                            "schema_version": "1"
                        },
                        "tainted": false
                    },
                    "deposed": [],
                    "provider": "provider.aws"
                },
                "aws_subnet.tf_public_subnet.0": {
                    "type": "aws_subnet",
                    "depends_on": [
                        "aws_vpc.tf_vpc",
                        "data.aws_availability_zones.available"
                    ],
                    "primary": {
                        "id": "subnet-08bb63efeab22702c",
                        "attributes": {
                            "assign_ipv6_address_on_creation": "false",
                            "availability_zone": "us-east-1a",
                            "cidr_block": "10.123.1.0/24",
                            "id": "subnet-08bb63efeab22702c",
                            "map_public_ip_on_launch": "true",
                            "tags.%": "1",
                            "tags.Name": "tf_public_1",
                            "vpc_id": "vpc-02b3e30a69ab8b919"
                        },
                        "meta": {
                            "schema_version": "1"
                        },
                        "tainted": false
                    },
                    "deposed": [],
                    "provider": "provider.aws"
                },
                "aws_subnet.tf_public_subnet.1": {
                    "type": "aws_subnet",
                    "depends_on": [
                        "aws_vpc.tf_vpc",
                        "data.aws_availability_zones.available"
                    ],
                    "primary": {
                        "id": "subnet-08785e37a97ea99fd",
                        "attributes": {
                            "assign_ipv6_address_on_creation": "false",
                            "availability_zone": "us-east-1b",
                            "cidr_block": "10.123.2.0/24",
                            "id": "subnet-08785e37a97ea99fd",
                            "map_public_ip_on_launch": "true",
                            "tags.%": "1",
                            "tags.Name": "tf_public_2",
                            "vpc_id": "vpc-02b3e30a69ab8b919"
                        },
                        "meta": {
                            "schema_version": "1"
                        },
                        "tainted": false
                    },
                    "deposed": [],
                    "provider": "provider.aws"
                },
                "aws_vpc.tf_vpc": {
                    "type": "aws_vpc",
                    "depends_on": [],
                    "primary": {
                        "id": "vpc-02b3e30a69ab8b919",
                        "attributes": {
                            "assign_generated_ipv6_cidr_block": "false",
                            "cidr_block": "10.123.0.0/16",
                            "default_network_acl_id": "acl-0d7983dfe820813e9",
                            "default_route_table_id": "rtb-0f4323f64e5f596af",
                            "default_security_group_id": "sg-0754de04a94a84d53",
                            "dhcp_options_id": "dopt-8a2ed1f1",
                            "enable_classiclink": "false",
                            "enable_classiclink_dns_support": "false",
                            "enable_dns_hostnames": "true",
                            "enable_dns_support": "true",
                            "id": "vpc-02b3e30a69ab8b919",
                            "instance_tenancy": "default",
                            "main_route_table_id": "rtb-0f4323f64e5f596af",
                            "tags.%": "1",
                            "tags.Name": "tf_vpc"
                        },
                        "meta": {
                            "schema_version": "1"
                        },
                        "tainted": false
                    },
                    "deposed": [],
                    "provider": "provider.aws"
                },
                "data.aws_availability_zones.available": {
                    "type": "aws_availability_zones",
                    "depends_on": [],
                    "primary": {
                        "id": "2018-08-11 04:11:17.483768 +0000 UTC",
                        "attributes": {
                            "id": "2018-08-11 04:11:17.483768 +0000 UTC",
                            "names.#": "6",
                            "names.0": "us-east-1a",
                            "names.1": "us-east-1b",
                            "names.2": "us-east-1c",
                            "names.3": "us-east-1d",
                            "names.4": "us-east-1e",
                            "names.5": "us-east-1f"
                        },
                        "meta": {},
                        "tainted": false
                    },
                    "deposed": [],
                    "provider": "provider.aws"
                }
            },
            "depends_on": []
        },
        {
            "path": [
                "root",
                "storage"
            ],
            "outputs": {
                "bucketname": {
                    "sensitive": false,
                    "type": "string",
                    "value": "la-terraform-17854"
                }
            },
            "resources": {
                "aws_s3_bucket.tf_code": {
                    "type": "aws_s3_bucket",
                    "depends_on": [
                        "random_id.tf_bucket_id"
                    ],
                    "primary": {
                        "id": "la-terraform-17854",
                        "attributes": {
                            "acceleration_status": "",
                            "acl": "private",
                            "arn": "arn:aws:s3:::la-terraform-17854",
                            "bucket": "la-terraform-17854",
                            "bucket_domain_name": "la-terraform-17854.s3.amazonaws.com",
                            "force_destroy": "true",
                            "hosted_zone_id": "Z3AQBSTGFYJSTF",
                            "id": "la-terraform-17854",
                            "logging.#": "0",
                            "region": "us-east-1",
                            "replication_configuration.#": "0",
                            "request_payer": "BucketOwner",
                            "server_side_encryption_configuration.#": "0",
                            "tags.%": "1",
                            "tags.Name": "tf_bucket",
                            "versioning.#": "1",
                            "versioning.0.enabled": "false",
                            "versioning.0.mfa_delete": "false",
                            "website.#": "0"
                        },
                        "meta": {},
                        "tainted": false
                    },
                    "deposed": [],
                    "provider": "provider.aws"
                },
                "random_id.tf_bucket_id": {
                    "type": "random_id",
                    "depends_on": [],
                    "primary": {
                        "id": "Rb4",
                        "attributes": {
                            "b64": "Rb4",
                            "b64_std": "Rb4=",
                            "b64_url": "Rb4",
                            "byte_length": "2",
                            "dec": "17854",
                            "hex": "45be",
                            "id": "Rb4"
                        },
                        "meta": {},
                        "tainted": false
                    },
                    "deposed": [],
                    "provider": "provider.random"
                }
            },
            "depends_on": []
        }
    ]
}
