{
    "version": 3,
    "terraform_version": "0.11.7",
    "serial": 8,
    "lineage": "6c640894-af24-9a1a-d9d1-a48af5075531",
    "modules": [
        {
            "path": [
                "root"
            ],
            "outputs": {
                "tf_public": {
                    "sensitive": false,
                    "type": "string",
                    "value": "igw-029b6f5422c6f4dc3"
                },
                "vpc_name": {
                    "sensitive": false,
                    "type": "string",
                    "value": "vpc-0b481e9d03afd8824"
                }
            },
            "resources": {
                "aws_internet_gateway.tf_internet_gateway": {
                    "type": "aws_internet_gateway",
                    "depends_on": [
                        "aws_vpc.tf_vpc"
                    ],
                    "primary": {
                        "id": "igw-029b6f5422c6f4dc3",
                        "attributes": {
                            "id": "igw-029b6f5422c6f4dc3",
                            "tags.%": "1",
                            "tags.Name": "tf_igw",
                            "vpc_id": "vpc-0b481e9d03afd8824"
                        },
                        "meta": {},
                        "tainted": false
                    },
                    "deposed": [],
                    "provider": "provider.aws"
                },
                "aws_route_table.tf_public_rt": {
                    "type": "aws_route_table",
                    "depends_on": [
                        "aws_internet_gateway.tf_internet_gateway",
                        "aws_vpc.tf_vpc"
                    ],
                    "primary": {
                        "id": "rtb-0756a55c012a693cf",
                        "attributes": {
                            "id": "rtb-0756a55c012a693cf",
                            "propagating_vgws.#": "0",
                            "route.#": "1",
                            "route.2599758375.cidr_block": "0.0.0.0/0",
                            "route.2599758375.egress_only_gateway_id": "",
                            "route.2599758375.gateway_id": "igw-029b6f5422c6f4dc3",
                            "route.2599758375.instance_id": "",
                            "route.2599758375.ipv6_cidr_block": "",
                            "route.2599758375.nat_gateway_id": "",
                            "route.2599758375.network_interface_id": "",
                            "route.2599758375.vpc_peering_connection_id": "",
                            "tags.%": "1",
                            "tags.Name": "tf_public",
                            "vpc_id": "vpc-0b481e9d03afd8824"
                        },
                        "meta": {},
                        "tainted": false
                    },
                    "deposed": [],
                    "provider": "provider.aws"
                },
                "aws_vpc.tf_vpc": {
                    "type": "aws_vpc",
                    "depends_on": [],
                    "primary": {
                        "id": "vpc-0b481e9d03afd8824",
                        "attributes": {
                            "assign_generated_ipv6_cidr_block": "false",
                            "cidr_block": "10.123.0.0/16",
                            "default_network_acl_id": "acl-0934cd7c6afb7b17e",
                            "default_route_table_id": "rtb-08f61c5e2354f6b54",
                            "default_security_group_id": "sg-03f58e92bc439b3bc",
                            "dhcp_options_id": "dopt-8a2ed1f1",
                            "enable_classiclink": "false",
                            "enable_classiclink_dns_support": "false",
                            "enable_dns_hostnames": "true",
                            "enable_dns_support": "true",
                            "id": "vpc-0b481e9d03afd8824",
                            "instance_tenancy": "default",
                            "main_route_table_id": "rtb-08f61c5e2354f6b54",
                            "tags.%": "1",
                            "tags.Name": "tf_vpc"
                        },
                        "meta": {
                            "schema_version": "1"
                        },
                        "tainted": false
                    },
                    "deposed": [],
                    "provider": "provider.aws"
                },
                "data.aws_availability_zones.available": {
                    "type": "aws_availability_zones",
                    "depends_on": [],
                    "primary": {
                        "id": "2018-05-23 21:06:54.659892 +0000 UTC",
                        "attributes": {
                            "id": "2018-05-23 21:06:54.659892 +0000 UTC",
                            "names.#": "6",
                            "names.0": "us-east-1a",
                            "names.1": "us-east-1b",
                            "names.2": "us-east-1c",
                            "names.3": "us-east-1d",
                            "names.4": "us-east-1e",
                            "names.5": "us-east-1f"
                        },
                        "meta": {},
                        "tainted": false
                    },
                    "deposed": [],
                    "provider": "provider.aws"
                }
            },
            "depends_on": []
        }
    ]
}
